
Microsoft Visual Studio Solution File, Format Version 12.00
# Visual Studio Version 17
VisualStudioVersion = 17.12.35707.178 d17.12
MinimumVisualStudioVersion = 10.0.40219.1
Project("{FAE04EC0-301F-11D3-BF4B-00C04F79EFBC}") = "WebApi project", "WebApi project\WebApi project.csproj", "{92D05170-9408-4008-8DC9-80D36E1441A5}"
EndProject
Project("{2150E333-8FDC-42A3-9474-1A3956D46DE8}") = "Solution Items", "Solution Items", "{3512E2E1-D3C5-47C5-ABB7-8BC0AAF6D96A}"
	ProjectSection(SolutionItems) = preProject
		.gitignore = .gitignore
	EndProjectSection
EndProject
Global
	GlobalSection(SolutionConfigurationPlatforms) = preSolution
		Debug|Any CPU = Debug|Any CPU
		Release|Any CPU = Release|Any CPU
	EndGlobalSection
	GlobalSection(ProjectConfigurationPlatforms) = postSolution
		{92D05170-9408-4008-8DC9-80D36E1441A5}.Debug|Any CPU.ActiveCfg = Debug|Any CPU
		{92D05170-9408-4008-8DC9-80D36E1441A5}.Debug|Any CPU.Build.0 = Debug|Any CPU
		{92D05170-9408-4008-8DC9-80D36E1441A5}.Release|Any CPU.ActiveCfg = Release|Any CPU
		{92D05170-9408-4008-8DC9-80D36E1441A5}.Release|Any CPU.Build.0 = Release|Any CPU
	EndGlobalSection
	GlobalSection(SolutionProperties) = preSolution
		HideSolutionNode = FALSE
	EndGlobalSection
EndGlobal
