
Microsoft Visual Studio Solution File, Format Version 12.00
# Visual Studio Version 17
VisualStudioVersion = 17.10.35013.160
MinimumVisualStudioVersion = 10.0.40219.1
Project("{FAE04EC0-301F-11D3-BF4B-00C04F79EFBC}") = "BatchWebApi", "BatchWebApi\BatchWebApi.csproj", "{5CE2B66B-D17F-4D0B-A8A6-7CD5B4D5940D}"
EndProject
Global
	GlobalSection(SolutionConfigurationPlatforms) = preSolution
		Debug|Any CPU = Debug|Any CPU
		Release|Any CPU = Release|Any CPU
	EndGlobalSection
	GlobalSection(ProjectConfigurationPlatforms) = postSolution
		{5CE2B66B-D17F-4D0B-A8A6-7CD5B4D5940D}.Debug|Any CPU.ActiveCfg = Debug|Any CPU
		{5CE2B66B-D17F-4D0B-A8A6-7CD5B4D5940D}.Debug|Any CPU.Build.0 = Debug|Any CPU
		{5CE2B66B-D17F-4D0B-A8A6-7CD5B4D5940D}.Release|Any CPU.ActiveCfg = Release|Any CPU
		{5CE2B66B-D17F-4D0B-A8A6-7CD5B4D5940D}.Release|Any CPU.Build.0 = Release|Any CPU
	EndGlobalSection
	GlobalSection(SolutionProperties) = preSolution
		HideSolutionNode = FALSE
	EndGlobalSection
	GlobalSection(ExtensibilityGlobals) = postSolution
		SolutionGuid = {F6F11387-FE95-438E-9D7A-40892B3EAF9F}
	EndGlobalSection
EndGlobal
